
Microsoft Visual Studio Solution File, Format Version 12.00
# Visual Studio Version 17
VisualStudioVersion = 17.6.33829.357
MinimumVisualStudioVersion = 10.0.40219.1
Project("{9A19103F-16F7-4668-BE54-9A1E7A4F7556}") = "UnderPantsApp", "src\UnderPantsApp.csproj", "{4C903C93-E141-4C4B-A9B9-DDA6F87B88BA}"
EndProject
Global
	GlobalSection(SolutionConfigurationPlatforms) = preSolution
		Debug|Any CPU = Debug|Any CPU
		Release|Any CPU = Release|Any CPU
	EndGlobalSection
	GlobalSection(ProjectConfigurationPlatforms) = postSolution
		{4C903C93-E141-4C4B-A9B9-DDA6F87B88BA}.Debug|Any CPU.ActiveCfg = Debug|Any CPU
		{4C903C93-E141-4C4B-A9B9-DDA6F87B88BA}.Debug|Any CPU.Build.0 = Debug|Any CPU
		{4C903C93-E141-4C4B-A9B9-DDA6F87B88BA}.Release|Any CPU.ActiveCfg = Release|Any CPU
		{4C903C93-E141-4C4B-A9B9-DDA6F87B88BA}.Release|Any CPU.Build.0 = Release|Any CPU
	EndGlobalSection
	GlobalSection(SolutionProperties) = preSolution
		HideSolutionNode = FALSE
	EndGlobalSection
	GlobalSection(ExtensibilityGlobals) = postSolution
		SolutionGuid = {E2405F32-F16A-4024-80B6-80B82F1ABB2F}
	EndGlobalSection
EndGlobal
